
Microsoft Visual Studio Solution File, Format Version 12.00
# Visual Studio 15
VisualStudioVersion = 15.0.28307.421
MinimumVisualStudioVersion = 10.0.40219.1
Project("{FAE04EC0-301F-11D3-BF4B-00C04F79EFBC}") = "WindowsFormsApp29", "WindowsFormsApp29\WindowsFormsApp29.csproj", "{472B1583-85F8-4C2C-A8BD-531F94BC4F4F}"
EndProject
Global
	GlobalSection(SolutionConfigurationPlatforms) = preSolution
		Debug|Any CPU = Debug|Any CPU
		Release|Any CPU = Release|Any CPU
	EndGlobalSection
	GlobalSection(ProjectConfigurationPlatforms) = postSolution
		{472B1583-85F8-4C2C-A8BD-531F94BC4F4F}.Debug|Any CPU.ActiveCfg = Debug|Any CPU
		{472B1583-85F8-4C2C-A8BD-531F94BC4F4F}.Debug|Any CPU.Build.0 = Debug|Any CPU
		{472B1583-85F8-4C2C-A8BD-531F94BC4F4F}.Release|Any CPU.ActiveCfg = Release|Any CPU
		{472B1583-85F8-4C2C-A8BD-531F94BC4F4F}.Release|Any CPU.Build.0 = Release|Any CPU
	EndGlobalSection
	GlobalSection(SolutionProperties) = preSolution
		HideSolutionNode = FALSE
	EndGlobalSection
	GlobalSection(ExtensibilityGlobals) = postSolution
		SolutionGuid = {E521019B-635E-48C3-B05F-F6EAA4C5CFFC}
	EndGlobalSection
EndGlobal
